// !$*UTF8*$!
{
	archiveVersion = 1;
	classes = {
	};
	objectVersion = 50;
	objects = {

/* Begin PBXBuildFile section */
		68636C9D228B9CCB00A6A259 /* AppDelegate.swift in Sources */ = {isa = PBXBuildFile; fileRef = 68636C9C228B9CCB00A6A259 /* AppDelegate.swift */; };
		68636C9F228B9CCB00A6A259 /* ViewController.swift in Sources */ = {isa = PBXBuildFile; fileRef = 68636C9E228B9CCB00A6A259 /* ViewController.swift */; };
		68636CA2228B9CCB00A6A259 /* Main.storyboard in Resources */ = {isa = PBXBuildFile; fileRef = 68636CA0228B9CCB00A6A259 /* Main.storyboard */; };
		68636CA4228B9CCC00A6A259 /* Assets.xcassets in Resources */ = {isa = PBXBuildFile; fileRef = 68636CA3228B9CCC00A6A259 /* Assets.xcassets */; };
		68636CA7228B9CCC00A6A259 /* LaunchScreen.storyboard in Resources */ = {isa = PBXBuildFile; fileRef = 68636CA5228B9CCC00A6A259 /* LaunchScreen.storyboard */; };
		68636CAF228BA88B00A6A259 /* LearnedModel.swift in Sources */ = {isa = PBXBuildFile; fileRef = 68636CAE228BA88B00A6A259 /* LearnedModel.swift */; };
		68636CD1228BC52500A6A259 /* Fasilitator.swift in Sources */ = {isa = PBXBuildFile; fileRef = 68636CD0228BC52500A6A259 /* Fasilitator.swift */; };
/* End PBXBuildFile section */

/* Begin PBXFileReference section */
		68636C99228B9CCB00A6A259 /* NC1-day 1 Belajarcoding.app */ = {isa = PBXFileReference; explicitFileType = wrapper.application; includeInIndex = 0; path = "NC1-day 1 Belajarcoding.app"; sourceTree = BUILT_PRODUCTS_DIR; };
		68636C9C228B9CCB00A6A259 /* AppDelegate.swift */ = {isa = PBXFileReference; lastKnownFileType = sourcecode.swift; path = AppDelegate.swift; sourceTree = "<group>"; };
		68636C9E228B9CCB00A6A259 /* ViewController.swift */ = {isa = PBXFileReference; lastKnownFileType = sourcecode.swift; path = ViewController.swift; sourceTree = "<group>"; };
		68636CA1228B9CCB00A6A259 /* Base */ = {isa = PBXFileReference; lastKnownFileType = file.storyboard; name = Base; path = Base.lproj/Main.storyboard; sourceTree = "<group>"; };
		68636CA3228B9CCC00A6A259 /* Assets.xcassets */ = {isa = PBXFileReference; lastKnownFileType = folder.assetcatalog; path = Assets.xcassets; sourceTree = "<group>"; };
		68636CA6228B9CCC00A6A259 /* Base */ = {isa = PBXFileReference; lastKnownFileType = file.storyboard; name = Base; path = Base.lproj/LaunchScreen.storyboard; sourceTree = "<group>"; };
		68636CA8228B9CCC00A6A259 /* Info.plist */ = {isa = PBXFileReference; lastKnownFileType = text.plist.xml; path = Info.plist; sourceTree = "<group>"; };
		68636CAE228BA88B00A6A259 /* LearnedModel.swift */ = {isa = PBXFileReference; lastKnownFileType = sourcecode.swift; path = LearnedModel.swift; sourceTree = "<group>"; };
		68636CD0228BC52500A6A259 /* Fasilitator.swift */ = {isa = PBXFileReference; lastKnownFileType = sourcecode.swift; path = Fasilitator.swift; sourceTree = "<group>"; };
/* End PBXFileReference section */

/* Begin PBXFrameworksBuildPhase section */
		68636C96228B9CCB00A6A259 /* Frameworks */ = {
			isa = PBXFrameworksBuildPhase;
			buildActionMask = 2147483647;
			files = (
			);
			runOnlyForDeploymentPostprocessing = 0;
		};
/* End PBXFrameworksBuildPhase section */

/* Begin PBXGroup section */
		68636C90228B9CCB00A6A259 = {
			isa = PBXGroup;
			children = (
				68636C9B228B9CCB00A6A259 /* NC1-day 1 Belajarcoding */,
				68636C9A228B9CCB00A6A259 /* Products */,
			);
			sourceTree = "<group>";
		};
		68636C9A228B9CCB00A6A259 /* Products */ = {
			isa = PBXGroup;
			children = (
				68636C99228B9CCB00A6A259 /* NC1-day 1 Belajarcoding.app */,
			);
			name = Products;
			sourceTree = "<group>";
		};
		68636C9B228B9CCB00A6A259 /* NC1-day 1 Belajarcoding */ = {
			isa = PBXGroup;
			children = (
				68636C9C228B9CCB00A6A259 /* AppDelegate.swift */,
				68636C9E228B9CCB00A6A259 /* ViewController.swift */,
				68636CA0228B9CCB00A6A259 /* Main.storyboard */,
				68636CA3228B9CCC00A6A259 /* Assets.xcassets */,
				68636CA5228B9CCC00A6A259 /* LaunchScreen.storyboard */,
				68636CA8228B9CCC00A6A259 /* Info.plist */,
				68636CAE228BA88B00A6A259 /* LearnedModel.swift */,
				68636CD0228BC52500A6A259 /* Fasilitator.swift */,
			);
			path = "NC1-day 1 Belajarcoding";
			sourceTree = "<group>";
		};
/* End PBXGroup section */

/* Begin PBXNativeTarget section */
		68636C98228B9CCB00A6A259 /* NC1-day 1 Belajarcoding */ = {
			isa = PBXNativeTarget;
			buildConfigurationList = 68636CAB228B9CCC00A6A259 /* Build configuration list for PBXNativeTarget "NC1-day 1 Belajarcoding" */;
			buildPhases = (
				68636C95228B9CCB00A6A259 /* Sources */,
				68636C96228B9CCB00A6A259 /* Frameworks */,
				68636C97228B9CCB00A6A259 /* Resources */,
			);
			buildRules = (
			);
			dependencies = (
			);
			name = "NC1-day 1 Belajarcoding";
			productName = "NC1-day 1 Belajarcoding";
			productReference = 68636C99228B9CCB00A6A259 /* NC1-day 1 Belajarcoding.app */;
			productType = "com.apple.product-type.application";
		};
/* End PBXNativeTarget section */

/* Begin PBXProject section */
		68636C91228B9CCB00A6A259 /* Project object */ = {
			isa = PBXProject;
			attributes = {
				LastSwiftUpdateCheck = 1020;
				LastUpgradeCheck = 1020;
				ORGANIZATIONNAME = "Louis  Valen";
				TargetAttributes = {
					68636C98228B9CCB00A6A259 = {
						CreatedOnToolsVersion = 10.2.1;
					};
				};
			};
			buildConfigurationList = 68636C94228B9CCB00A6A259 /* Build configuration list for PBXProject "NC1-day 1 Belajarcoding" */;
			compatibilityVersion = "Xcode 9.3";
			developmentRegion = en;
			hasScannedForEncodings = 0;
			knownRegions = (
				en,
				Base,
			);
			mainGroup = 68636C90228B9CCB00A6A259;
			productRefGroup = 68636C9A228B9CCB00A6A259 /* Products */;
			projectDirPath = "";
			projectRoot = "";
			targets = (
				68636C98228B9CCB00A6A259 /* NC1-day 1 Belajarcoding */,
			);
		};
/* End PBXProject section */

/* Begin PBXResourcesBuildPhase section */
		68636C97228B9CCB00A6A259 /* Resources */ = {
			isa = PBXResourcesBuildPhase;
			buildActionMask = 2147483647;
			files = (
				68636CA7228B9CCC00A6A259 /* LaunchScreen.storyboard in Resources */,
				68636CA4228B9CCC00A6A259 /* Assets.xcassets in Resources */,
				68636CA2228B9CCB00A6A259 /* Main.storyboard in Resources */,
			);
			runOnlyForDeploymentPostprocessing = 0;
		};
/* End PBXResourcesBuildPhase section */

/* Begin PBXSourcesBuildPhase section */
		68636C95228B9CCB00A6A259 /* Sources */ = {
			isa = PBXSourcesBuildPhase;
			buildActionMask = 2147483647;
			files = (
				68636C9F228B9CCB00A6A259 /* ViewController.swift in Sources */,
				68636CAF228BA88B00A6A259 /* LearnedModel.swift in Sources */,
				68636CD1228BC52500A6A259 /* Fasilitator.swift in Sources */,
				68636C9D228B9CCB00A6A259 /* AppDelegate.swift in Sources */,
			);
			runOnlyForDeploymentPostprocessing = 0;
		};
/* End PBXSourcesBuildPhase section */

/* Begin PBXVariantGroup section */
		68636CA0228B9CCB00A6A259 /* Main.storyboard */ = {
			isa = PBXVariantGroup;
			children = (
				68636CA1228B9CCB00A6A259 /* Base */,
			);
			name = Main.storyboard;
			sourceTree = "<group>";
		};
		68636CA5228B9CCC00A6A259 /* LaunchScreen.storyboard */ = {
			isa = PBXVariantGroup;
			children = (
				68636CA6228B9CCC00A6A259 /* Base */,
			);
			name = LaunchScreen.storyboard;
			sourceTree = "<group>";
		};
/* End PBXVariantGroup section */

/* Begin XCBuildConfiguration section */
		68636CA9228B9CCC00A6A259 /* Debug */ = {
			isa = XCBuildConfiguration;
			buildSettings = {
				ALWAYS_SEARCH_USER_PATHS = NO;
				CLANG_ANALYZER_NONNULL = YES;
				CLANG_ANALYZER_NUMBER_OBJECT_CONVERSION = YES_AGGRESSIVE;
				CLANG_CXX_LANGUAGE_STANDARD = "gnu++14";
				CLANG_CXX_LIBRARY = "libc++";
				CLANG_ENABLE_MODULES = YES;
				CLANG_ENABLE_OBJC_ARC = YES;
				CLANG_ENABLE_OBJC_WEAK = YES;
				CLANG_WARN_BLOCK_CAPTURE_AUTORELEASING = YES;
				CLANG_WARN_BOOL_CONVERSION = YES;
				CLANG_WARN_COMMA = YES;
				CLANG_WARN_CONSTANT_CONVERSION = YES;
				CLANG_WARN_DEPRECATED_OBJC_IMPLEMENTATIONS = YES;
				CLANG_WARN_DIRECT_OBJC_ISA_USAGE = YES_ERROR;
				CLANG_WARN_DOCUMENTATION_COMMENTS = YES;
				CLANG_WARN_EMPTY_BODY = YES;
				CLANG_WARN_ENUM_CONVERSION = YES;
				CLANG_WARN_INFINITE_RECURSION = YES;
				CLANG_WARN_INT_CONVERSION = YES;
				CLANG_WARN_NON_LITERAL_NULL_CONVERSION = YES;
				CLANG_WARN_OBJC_IMPLICIT_RETAIN_SELF = YES;
				CLANG_WARN_OBJC_LITERAL_CONVERSION = YES;
				CLANG_WARN_OBJC_ROOT_CLASS = YES_ERROR;
				CLANG_WARN_RANGE_LOOP_ANALYSIS = YES;
				CLANG_WARN_STRICT_PROTOTYPES = YES;
				CLANG_WARN_SUSPICIOUS_MOVE = YES;
				CLANG_WARN_UNGUARDED_AVAILABILITY = YES_AGGRESSIVE;
				CLANG_WARN_UNREACHABLE_CODE = YES;
				CLANG_WARN__DUPLICATE_METHOD_MATCH = YES;
				CODE_SIGN_IDENTITY = "iPhone Developer";
				COPY_PHASE_STRIP = NO;
				DEBUG_INFORMATION_FORMAT = dwarf;
				ENABLE_STRICT_OBJC_MSGSEND = YES;
				ENABLE_TESTABILITY = YES;
				GCC_C_LANGUAGE_STANDARD = gnu11;
				GCC_DYNAMIC_NO_PIC = NO;
				GCC_NO_COMMON_BLOCKS = YES;
				GCC_OPTIMIZATION_LEVEL = 0;
				GCC_PREPROCESSOR_DEFINITIONS = (
					"DEBUG=1",
					"$(inherited)",
				);
				GCC_WARN_64_TO_32_BIT_CONVERSION = YES;
				GCC_WARN_ABOUT_RETURN_TYPE = YES_ERROR;
				GCC_WARN_UNDECLARED_SELECTOR = YES;
				GCC_WARN_UNINITIALIZED_AUTOS = YES_AGGRESSIVE;
				GCC_WARN_UNUSED_FUNCTION = YES;
				GCC_WARN_UNUSED_VARIABLE = YES;
				IPHONEOS_DEPLOYMENT_TARGET = 12.2;
				MTL_ENABLE_DEBUG_INFO = INCLUDE_SOURCE;
				MTL_FAST_MATH = YES;
				ONLY_ACTIVE_ARCH = YES;
				SDKROOT = iphoneos;
				SWIFT_ACTIVE_COMPILATION_CONDITIONS = DEBUG;
				SWIFT_OPTIMIZATION_LEVEL = "-Onone";
			};
			name = Debug;
		};
		68636CAA228B9CCC00A6A259 /* Release */ = {
			isa = XCBuildConfiguration;
			buildSettings = {
				ALWAYS_SEARCH_USER_PATHS = NO;
				CLANG_ANALYZER_NONNULL = YES;
				CLANG_ANALYZER_NUMBER_OBJECT_CONVERSION = YES_AGGRESSIVE;
				CLANG_CXX_LANGUAGE_STANDARD = "gnu++14";
				CLANG_CXX_LIBRARY = "libc++";
				CLANG_ENABLE_MODULES = YES;
				CLANG_ENABLE_OBJC_ARC = YES;
				CLANG_ENABLE_OBJC_WEAK = YES;
				CLANG_WARN_BLOCK_CAPTURE_AUTORELEASING = YES;
				CLANG_WARN_BOOL_CONVERSION = YES;
				CLANG_WARN_COMMA = YES;
				CLANG_WARN_CONSTANT_CONVERSION = YES;
				CLANG_WARN_DEPRECATED_OBJC_IMPLEMENTATIONS = YES;
				CLANG_WARN_DIRECT_OBJC_ISA_USAGE = YES_ERROR;
				CLANG_WARN_DOCUMENTATION_COMMENTS = YES;
				CLANG_WARN_EMPTY_BODY = YES;
				CLANG_WARN_ENUM_CONVERSION = YES;
				CLANG_WARN_INFINITE_RECURSION = YES;
				CLANG_WARN_INT_CONVERSION = YES;
				CLANG_WARN_NON_LITERAL_NULL_CONVERSION = YES;
				CLANG_WARN_OBJC_IMPLICIT_RETAIN_SELF = YES;
				CLANG_WARN_OBJC_LITERAL_CONVERSION = YES;
				CLANG_WARN_OBJC_ROOT_CLASS = YES_ERROR;
				CLANG_WARN_RANGE_LOOP_ANALYSIS = YES;
				CLANG_WARN_STRICT_PROTOTYPES = YES;
				CLANG_WARN_SUSPICIOUS_MOVE = YES;
				CLANG_WARN_UNGUARDED_AVAILABILITY = YES_AGGRESSIVE;
				CLANG_WARN_UNREACHABLE_CODE = YES;
				CLANG_WARN__DUPLICATE_METHOD_MATCH = YES;
				CODE_SIGN_IDENTITY = "iPhone Developer";
				COPY_PHASE_STRIP = NO;
				DEBUG_INFORMATION_FORMAT = "dwarf-with-dsym";
				ENABLE_NS_ASSERTIONS = NO;
				ENABLE_STRICT_OBJC_MSGSEND = YES;
				GCC_C_LANGUAGE_STANDARD = gnu11;
				GCC_NO_COMMON_BLOCKS = YES;
				GCC_WARN_64_TO_32_BIT_CONVERSION = YES;
				GCC_WARN_ABOUT_RETURN_TYPE = YES_ERROR;
				GCC_WARN_UNDECLARED_SELECTOR = YES;
				GCC_WARN_UNINITIALIZED_AUTOS = YES_AGGRESSIVE;
				GCC_WARN_UNUSED_FUNCTION = YES;
				GCC_WARN_UNUSED_VARIABLE = YES;
				IPHONEOS_DEPLOYMENT_TARGET = 12.2;
				MTL_ENABLE_DEBUG_INFO = NO;
				MTL_FAST_MATH = YES;
				SDKROOT = iphoneos;
				SWIFT_COMPILATION_MODE = wholemodule;
				SWIFT_OPTIMIZATION_LEVEL = "-O";
				VALIDATE_PRODUCT = YES;
			};
			name = Release;
		};
		68636CAC228B9CCC00A6A259 /* Debug */ = {
			isa = XCBuildConfiguration;
			buildSettings = {
				ASSETCATALOG_COMPILER_APPICON_NAME = AppIcon;
				CODE_SIGN_STYLE = Automatic;
				DEVELOPMENT_TEAM = 26ZYWVZUYT;
				INFOPLIST_FILE = "NC1-day 1 Belajarcoding/Info.plist";
				LD_RUNPATH_SEARCH_PATHS = (
					"$(inherited)",
					"@executable_path/Frameworks",
				);
				PRODUCT_BUNDLE_IDENTIFIER = "Louis.NC1-day-1-Belajarcoding";
				PRODUCT_NAME = "$(TARGET_NAME)";
				SWIFT_VERSION = 5.0;
				TARGETED_DEVICE_FAMILY = "1,2";
			};
			name = Debug;
		};
		68636CAD228B9CCC00A6A259 /* Release */ = {
			isa = XCBuildConfiguration;
			buildSettings = {
				ASSETCATALOG_COMPILER_APPICON_NAME = AppIcon;
				CODE_SIGN_STYLE = Automatic;
				DEVELOPMENT_TEAM = 26ZYWVZUYT;
				INFOPLIST_FILE = "NC1-day 1 Belajarcoding/Info.plist";
				LD_RUNPATH_SEARCH_PATHS = (
					"$(inherited)",
					"@executable_path/Frameworks",
				);
				PRODUCT_BUNDLE_IDENTIFIER = "Louis.NC1-day-1-Belajarcoding";
				PRODUCT_NAME = "$(TARGET_NAME)";
				SWIFT_VERSION = 5.0;
				TARGETED_DEVICE_FAMILY = "1,2";
			};
			name = Release;
		};
/* End XCBuildConfiguration section */

/* Begin XCConfigurationList section */
		68636C94228B9CCB00A6A259 /* Build configuration list for PBXProject "NC1-day 1 Belajarcoding" */ = {
			isa = XCConfigurationList;
			buildConfigurations = (
				68636CA9228B9CCC00A6A259 /* Debug */,
				68636CAA228B9CCC00A6A259 /* Release */,
			);
			defaultConfigurationIsVisible = 0;
			defaultConfigurationName = Release;
		};
		68636CAB228B9CCC00A6A259 /* Build configuration list for PBXNativeTarget "NC1-day 1 Belajarcoding" */ = {
			isa = XCConfigurationList;
			buildConfigurations = (
				68636CAC228B9CCC00A6A259 /* Debug */,
				68636CAD228B9CCC00A6A259 /* Release */,
			);
			defaultConfigurationIsVisible = 0;
			defaultConfigurationName = Release;
		};
/* End XCConfigurationList section */
	};
	rootObject = 68636C91228B9CCB00A6A259 /* Project object */;
}
